
Microsoft Visual Studio Solution File, Format Version 12.00
# Visual Studio 15
VisualStudioVersion = 15.0.28010.2048
MinimumVisualStudioVersion = 10.0.40219.1
Project("{FAE04EC0-301F-11D3-BF4B-00C04F79EFBC}") = "GridTeste.Android", "GridTeste\GridTeste.Android\GridTeste.Android.csproj", "{D534DF09-5A03-4F20-9932-331248209855}"
EndProject
Project("{FAE04EC0-301F-11D3-BF4B-00C04F79EFBC}") = "GridTeste", "GridTeste\GridTeste\GridTeste.csproj", "{134621C0-1A07-4CF2-B010-13128B846EFF}"
EndProject
Global
	GlobalSection(SolutionConfigurationPlatforms) = preSolution
		Debug|Any CPU = Debug|Any CPU
		Release|Any CPU = Release|Any CPU
	EndGlobalSection
	GlobalSection(ProjectConfigurationPlatforms) = postSolution
		{D534DF09-5A03-4F20-9932-331248209855}.Debug|Any CPU.ActiveCfg = Debug|Any CPU
		{D534DF09-5A03-4F20-9932-331248209855}.Debug|Any CPU.Build.0 = Debug|Any CPU
		{D534DF09-5A03-4F20-9932-331248209855}.Debug|Any CPU.Deploy.0 = Debug|Any CPU
		{D534DF09-5A03-4F20-9932-331248209855}.Release|Any CPU.ActiveCfg = Release|Any CPU
		{D534DF09-5A03-4F20-9932-331248209855}.Release|Any CPU.Build.0 = Release|Any CPU
		{D534DF09-5A03-4F20-9932-331248209855}.Release|Any CPU.Deploy.0 = Release|Any CPU
		{134621C0-1A07-4CF2-B010-13128B846EFF}.Debug|Any CPU.ActiveCfg = Debug|Any CPU
		{134621C0-1A07-4CF2-B010-13128B846EFF}.Debug|Any CPU.Build.0 = Debug|Any CPU
		{134621C0-1A07-4CF2-B010-13128B846EFF}.Debug|Any CPU.Deploy.0 = Debug|Any CPU
		{134621C0-1A07-4CF2-B010-13128B846EFF}.Release|Any CPU.ActiveCfg = Release|Any CPU
		{134621C0-1A07-4CF2-B010-13128B846EFF}.Release|Any CPU.Build.0 = Release|Any CPU
		{134621C0-1A07-4CF2-B010-13128B846EFF}.Release|Any CPU.Deploy.0 = Release|Any CPU
	EndGlobalSection
	GlobalSection(SolutionProperties) = preSolution
		HideSolutionNode = FALSE
	EndGlobalSection
	GlobalSection(ExtensibilityGlobals) = postSolution
		SolutionGuid = {4DDD07DE-DBA1-4C6F-B345-6F9F240CB6C6}
	EndGlobalSection
EndGlobal
