
Microsoft Visual Studio Solution File, Format Version 12.00
# Visual Studio 15
VisualStudioVersion = 15.0.28010.2048
MinimumVisualStudioVersion = 10.0.40219.1
Project("{FAE04EC0-301F-11D3-BF4B-00C04F79EFBC}") = "ExAbsoluteLayout.Android", "ExAbsoluteLayout\ExAbsoluteLayout.Android\ExAbsoluteLayout.Android.csproj", "{1A50889D-799C-4B46-A26D-7DDB08562130}"
EndProject
Project("{FAE04EC0-301F-11D3-BF4B-00C04F79EFBC}") = "ExAbsoluteLayout", "ExAbsoluteLayout\ExAbsoluteLayout\ExAbsoluteLayout.csproj", "{09F9A637-2E98-4A8C-B3C6-DE9F204609A9}"
EndProject
Global
	GlobalSection(SolutionConfigurationPlatforms) = preSolution
		Debug|Any CPU = Debug|Any CPU
		Release|Any CPU = Release|Any CPU
	EndGlobalSection
	GlobalSection(ProjectConfigurationPlatforms) = postSolution
		{1A50889D-799C-4B46-A26D-7DDB08562130}.Debug|Any CPU.ActiveCfg = Debug|Any CPU
		{1A50889D-799C-4B46-A26D-7DDB08562130}.Debug|Any CPU.Build.0 = Debug|Any CPU
		{1A50889D-799C-4B46-A26D-7DDB08562130}.Debug|Any CPU.Deploy.0 = Debug|Any CPU
		{1A50889D-799C-4B46-A26D-7DDB08562130}.Release|Any CPU.ActiveCfg = Release|Any CPU
		{1A50889D-799C-4B46-A26D-7DDB08562130}.Release|Any CPU.Build.0 = Release|Any CPU
		{1A50889D-799C-4B46-A26D-7DDB08562130}.Release|Any CPU.Deploy.0 = Release|Any CPU
		{09F9A637-2E98-4A8C-B3C6-DE9F204609A9}.Debug|Any CPU.ActiveCfg = Debug|Any CPU
		{09F9A637-2E98-4A8C-B3C6-DE9F204609A9}.Debug|Any CPU.Build.0 = Debug|Any CPU
		{09F9A637-2E98-4A8C-B3C6-DE9F204609A9}.Debug|Any CPU.Deploy.0 = Debug|Any CPU
		{09F9A637-2E98-4A8C-B3C6-DE9F204609A9}.Release|Any CPU.ActiveCfg = Release|Any CPU
		{09F9A637-2E98-4A8C-B3C6-DE9F204609A9}.Release|Any CPU.Build.0 = Release|Any CPU
		{09F9A637-2E98-4A8C-B3C6-DE9F204609A9}.Release|Any CPU.Deploy.0 = Release|Any CPU
	EndGlobalSection
	GlobalSection(SolutionProperties) = preSolution
		HideSolutionNode = FALSE
	EndGlobalSection
	GlobalSection(ExtensibilityGlobals) = postSolution
		SolutionGuid = {8C89258B-C96D-447F-B85A-5352F1E6EF66}
	EndGlobalSection
EndGlobal
