
Microsoft Visual Studio Solution File, Format Version 12.00
# Visual Studio 15
VisualStudioVersion = 15.0.28307.489
MinimumVisualStudioVersion = 10.0.40219.1
Project("{FAE04EC0-301F-11D3-BF4B-00C04F79EFBC}") = "ImageCircle.Android", "ImageCircle\ImageCircle.Android\ImageCircle.Android.csproj", "{1A2E9344-2AAC-4D12-8964-8A13BB534CF4}"
EndProject
Project("{FAE04EC0-301F-11D3-BF4B-00C04F79EFBC}") = "ImageCircle", "ImageCircle\ImageCircle\ImageCircle.csproj", "{A688E2AA-B040-4C7C-A244-3C5B5F2358E5}"
EndProject
Global
	GlobalSection(SolutionConfigurationPlatforms) = preSolution
		Debug|Any CPU = Debug|Any CPU
		Release|Any CPU = Release|Any CPU
	EndGlobalSection
	GlobalSection(ProjectConfigurationPlatforms) = postSolution
		{1A2E9344-2AAC-4D12-8964-8A13BB534CF4}.Debug|Any CPU.ActiveCfg = Debug|Any CPU
		{1A2E9344-2AAC-4D12-8964-8A13BB534CF4}.Debug|Any CPU.Build.0 = Debug|Any CPU
		{1A2E9344-2AAC-4D12-8964-8A13BB534CF4}.Debug|Any CPU.Deploy.0 = Debug|Any CPU
		{1A2E9344-2AAC-4D12-8964-8A13BB534CF4}.Release|Any CPU.ActiveCfg = Release|Any CPU
		{1A2E9344-2AAC-4D12-8964-8A13BB534CF4}.Release|Any CPU.Build.0 = Release|Any CPU
		{1A2E9344-2AAC-4D12-8964-8A13BB534CF4}.Release|Any CPU.Deploy.0 = Release|Any CPU
		{A688E2AA-B040-4C7C-A244-3C5B5F2358E5}.Debug|Any CPU.ActiveCfg = Debug|Any CPU
		{A688E2AA-B040-4C7C-A244-3C5B5F2358E5}.Debug|Any CPU.Build.0 = Debug|Any CPU
		{A688E2AA-B040-4C7C-A244-3C5B5F2358E5}.Debug|Any CPU.Deploy.0 = Debug|Any CPU
		{A688E2AA-B040-4C7C-A244-3C5B5F2358E5}.Release|Any CPU.ActiveCfg = Release|Any CPU
		{A688E2AA-B040-4C7C-A244-3C5B5F2358E5}.Release|Any CPU.Build.0 = Release|Any CPU
		{A688E2AA-B040-4C7C-A244-3C5B5F2358E5}.Release|Any CPU.Deploy.0 = Release|Any CPU
	EndGlobalSection
	GlobalSection(SolutionProperties) = preSolution
		HideSolutionNode = FALSE
	EndGlobalSection
	GlobalSection(ExtensibilityGlobals) = postSolution
		SolutionGuid = {1C585576-5AD1-4AF1-81E7-31CC75EA4004}
	EndGlobalSection
EndGlobal
