
Microsoft Visual Studio Solution File, Format Version 12.00
# Visual Studio 15
VisualStudioVersion = 15.0.28307.421
MinimumVisualStudioVersion = 10.0.40219.1
Project("{FAE04EC0-301F-11D3-BF4B-00C04F79EFBC}") = "ExerciciosGridLayout.Android", "ExerciciosGridLayout\ExerciciosGridLayout.Android\ExerciciosGridLayout.Android.csproj", "{1AAC5B6A-BBB6-4F32-B673-1BE1DB8243C2}"
EndProject
Project("{FAE04EC0-301F-11D3-BF4B-00C04F79EFBC}") = "ExerciciosGridLayout", "ExerciciosGridLayout\ExerciciosGridLayout\ExerciciosGridLayout.csproj", "{FEA8FC67-63BD-4BD5-ABD7-643C4658EF65}"
EndProject
Global
	GlobalSection(SolutionConfigurationPlatforms) = preSolution
		Debug|Any CPU = Debug|Any CPU
		Release|Any CPU = Release|Any CPU
	EndGlobalSection
	GlobalSection(ProjectConfigurationPlatforms) = postSolution
		{1AAC5B6A-BBB6-4F32-B673-1BE1DB8243C2}.Debug|Any CPU.ActiveCfg = Debug|Any CPU
		{1AAC5B6A-BBB6-4F32-B673-1BE1DB8243C2}.Debug|Any CPU.Build.0 = Debug|Any CPU
		{1AAC5B6A-BBB6-4F32-B673-1BE1DB8243C2}.Debug|Any CPU.Deploy.0 = Debug|Any CPU
		{1AAC5B6A-BBB6-4F32-B673-1BE1DB8243C2}.Release|Any CPU.ActiveCfg = Release|Any CPU
		{1AAC5B6A-BBB6-4F32-B673-1BE1DB8243C2}.Release|Any CPU.Build.0 = Release|Any CPU
		{1AAC5B6A-BBB6-4F32-B673-1BE1DB8243C2}.Release|Any CPU.Deploy.0 = Release|Any CPU
		{FEA8FC67-63BD-4BD5-ABD7-643C4658EF65}.Debug|Any CPU.ActiveCfg = Debug|Any CPU
		{FEA8FC67-63BD-4BD5-ABD7-643C4658EF65}.Debug|Any CPU.Build.0 = Debug|Any CPU
		{FEA8FC67-63BD-4BD5-ABD7-643C4658EF65}.Debug|Any CPU.Deploy.0 = Debug|Any CPU
		{FEA8FC67-63BD-4BD5-ABD7-643C4658EF65}.Release|Any CPU.ActiveCfg = Release|Any CPU
		{FEA8FC67-63BD-4BD5-ABD7-643C4658EF65}.Release|Any CPU.Build.0 = Release|Any CPU
		{FEA8FC67-63BD-4BD5-ABD7-643C4658EF65}.Release|Any CPU.Deploy.0 = Release|Any CPU
	EndGlobalSection
	GlobalSection(SolutionProperties) = preSolution
		HideSolutionNode = FALSE
	EndGlobalSection
	GlobalSection(ExtensibilityGlobals) = postSolution
		SolutionGuid = {298FF7FD-0D32-468A-8EF6-A65F39EC2465}
	EndGlobalSection
EndGlobal
