
Microsoft Visual Studio Solution File, Format Version 12.00
# Visual Studio 15
VisualStudioVersion = 15.0.28307.489
MinimumVisualStudioVersion = 10.0.40219.1
Project("{FAE04EC0-301F-11D3-BF4B-00C04F79EFBC}") = "ScrollView.Android", "ScrollView\ScrollView.Android\ScrollView.Android.csproj", "{BA4D78E3-BCC4-4B9A-AF65-DBE7D0A489B5}"
EndProject
Project("{FAE04EC0-301F-11D3-BF4B-00C04F79EFBC}") = "ScrollView", "ScrollView\ScrollView\ScrollView.csproj", "{A43B50D1-7BB1-4623-873B-FD9994FBC3F1}"
EndProject
Global
	GlobalSection(SolutionConfigurationPlatforms) = preSolution
		Debug|Any CPU = Debug|Any CPU
		Release|Any CPU = Release|Any CPU
	EndGlobalSection
	GlobalSection(ProjectConfigurationPlatforms) = postSolution
		{BA4D78E3-BCC4-4B9A-AF65-DBE7D0A489B5}.Debug|Any CPU.ActiveCfg = Debug|Any CPU
		{BA4D78E3-BCC4-4B9A-AF65-DBE7D0A489B5}.Debug|Any CPU.Build.0 = Debug|Any CPU
		{BA4D78E3-BCC4-4B9A-AF65-DBE7D0A489B5}.Debug|Any CPU.Deploy.0 = Debug|Any CPU
		{BA4D78E3-BCC4-4B9A-AF65-DBE7D0A489B5}.Release|Any CPU.ActiveCfg = Release|Any CPU
		{BA4D78E3-BCC4-4B9A-AF65-DBE7D0A489B5}.Release|Any CPU.Build.0 = Release|Any CPU
		{BA4D78E3-BCC4-4B9A-AF65-DBE7D0A489B5}.Release|Any CPU.Deploy.0 = Release|Any CPU
		{A43B50D1-7BB1-4623-873B-FD9994FBC3F1}.Debug|Any CPU.ActiveCfg = Debug|Any CPU
		{A43B50D1-7BB1-4623-873B-FD9994FBC3F1}.Debug|Any CPU.Build.0 = Debug|Any CPU
		{A43B50D1-7BB1-4623-873B-FD9994FBC3F1}.Debug|Any CPU.Deploy.0 = Debug|Any CPU
		{A43B50D1-7BB1-4623-873B-FD9994FBC3F1}.Release|Any CPU.ActiveCfg = Release|Any CPU
		{A43B50D1-7BB1-4623-873B-FD9994FBC3F1}.Release|Any CPU.Build.0 = Release|Any CPU
		{A43B50D1-7BB1-4623-873B-FD9994FBC3F1}.Release|Any CPU.Deploy.0 = Release|Any CPU
	EndGlobalSection
	GlobalSection(SolutionProperties) = preSolution
		HideSolutionNode = FALSE
	EndGlobalSection
	GlobalSection(ExtensibilityGlobals) = postSolution
		SolutionGuid = {C3D6E89B-0C80-4716-9DB7-DEAA3A35C3DB}
	EndGlobalSection
EndGlobal
