
Microsoft Visual Studio Solution File, Format Version 12.00
# Visual Studio 15
VisualStudioVersion = 15.0.28307.421
MinimumVisualStudioVersion = 10.0.40219.1
Project("{FAE04EC0-301F-11D3-BF4B-00C04F79EFBC}") = "ExercicioEventos.Android", "ExercicioEventos\ExercicioEventos.Android\ExercicioEventos.Android.csproj", "{DA078458-CBBA-4E1F-B5BD-BC98CFD8D374}"
EndProject
Project("{FAE04EC0-301F-11D3-BF4B-00C04F79EFBC}") = "ExercicioEventos", "ExercicioEventos\ExercicioEventos\ExercicioEventos.csproj", "{466FFD6F-ADFC-4DA9-B704-269E7DE0687E}"
EndProject
Global
	GlobalSection(SolutionConfigurationPlatforms) = preSolution
		Debug|Any CPU = Debug|Any CPU
		Release|Any CPU = Release|Any CPU
	EndGlobalSection
	GlobalSection(ProjectConfigurationPlatforms) = postSolution
		{DA078458-CBBA-4E1F-B5BD-BC98CFD8D374}.Debug|Any CPU.ActiveCfg = Debug|Any CPU
		{DA078458-CBBA-4E1F-B5BD-BC98CFD8D374}.Debug|Any CPU.Build.0 = Debug|Any CPU
		{DA078458-CBBA-4E1F-B5BD-BC98CFD8D374}.Debug|Any CPU.Deploy.0 = Debug|Any CPU
		{DA078458-CBBA-4E1F-B5BD-BC98CFD8D374}.Release|Any CPU.ActiveCfg = Release|Any CPU
		{DA078458-CBBA-4E1F-B5BD-BC98CFD8D374}.Release|Any CPU.Build.0 = Release|Any CPU
		{DA078458-CBBA-4E1F-B5BD-BC98CFD8D374}.Release|Any CPU.Deploy.0 = Release|Any CPU
		{466FFD6F-ADFC-4DA9-B704-269E7DE0687E}.Debug|Any CPU.ActiveCfg = Debug|Any CPU
		{466FFD6F-ADFC-4DA9-B704-269E7DE0687E}.Debug|Any CPU.Build.0 = Debug|Any CPU
		{466FFD6F-ADFC-4DA9-B704-269E7DE0687E}.Debug|Any CPU.Deploy.0 = Debug|Any CPU
		{466FFD6F-ADFC-4DA9-B704-269E7DE0687E}.Release|Any CPU.ActiveCfg = Release|Any CPU
		{466FFD6F-ADFC-4DA9-B704-269E7DE0687E}.Release|Any CPU.Build.0 = Release|Any CPU
		{466FFD6F-ADFC-4DA9-B704-269E7DE0687E}.Release|Any CPU.Deploy.0 = Release|Any CPU
	EndGlobalSection
	GlobalSection(SolutionProperties) = preSolution
		HideSolutionNode = FALSE
	EndGlobalSection
	GlobalSection(ExtensibilityGlobals) = postSolution
		SolutionGuid = {AE1CF0D5-11D6-4721-80BA-5826E41D5AFB}
	EndGlobalSection
EndGlobal
