
Microsoft Visual Studio Solution File, Format Version 12.00
# Visual Studio 15
VisualStudioVersion = 15.0.28307.421
MinimumVisualStudioVersion = 10.0.40219.1
Project("{FAE04EC0-301F-11D3-BF4B-00C04F79EFBC}") = "Eventos.Android", "Eventos\Eventos.Android\Eventos.Android.csproj", "{BA2FEFC2-89EF-4989-8ECC-F9CF367408A5}"
EndProject
Project("{FAE04EC0-301F-11D3-BF4B-00C04F79EFBC}") = "Eventos", "Eventos\Eventos\Eventos.csproj", "{358F1EB9-1564-417F-B728-876CAA99F9FB}"
EndProject
Global
	GlobalSection(SolutionConfigurationPlatforms) = preSolution
		Debug|Any CPU = Debug|Any CPU
		Release|Any CPU = Release|Any CPU
	EndGlobalSection
	GlobalSection(ProjectConfigurationPlatforms) = postSolution
		{BA2FEFC2-89EF-4989-8ECC-F9CF367408A5}.Debug|Any CPU.ActiveCfg = Debug|Any CPU
		{BA2FEFC2-89EF-4989-8ECC-F9CF367408A5}.Debug|Any CPU.Build.0 = Debug|Any CPU
		{BA2FEFC2-89EF-4989-8ECC-F9CF367408A5}.Debug|Any CPU.Deploy.0 = Debug|Any CPU
		{BA2FEFC2-89EF-4989-8ECC-F9CF367408A5}.Release|Any CPU.ActiveCfg = Release|Any CPU
		{BA2FEFC2-89EF-4989-8ECC-F9CF367408A5}.Release|Any CPU.Build.0 = Release|Any CPU
		{BA2FEFC2-89EF-4989-8ECC-F9CF367408A5}.Release|Any CPU.Deploy.0 = Release|Any CPU
		{358F1EB9-1564-417F-B728-876CAA99F9FB}.Debug|Any CPU.ActiveCfg = Debug|Any CPU
		{358F1EB9-1564-417F-B728-876CAA99F9FB}.Debug|Any CPU.Build.0 = Debug|Any CPU
		{358F1EB9-1564-417F-B728-876CAA99F9FB}.Debug|Any CPU.Deploy.0 = Debug|Any CPU
		{358F1EB9-1564-417F-B728-876CAA99F9FB}.Release|Any CPU.ActiveCfg = Release|Any CPU
		{358F1EB9-1564-417F-B728-876CAA99F9FB}.Release|Any CPU.Build.0 = Release|Any CPU
		{358F1EB9-1564-417F-B728-876CAA99F9FB}.Release|Any CPU.Deploy.0 = Release|Any CPU
	EndGlobalSection
	GlobalSection(SolutionProperties) = preSolution
		HideSolutionNode = FALSE
	EndGlobalSection
	GlobalSection(ExtensibilityGlobals) = postSolution
		SolutionGuid = {4A390E32-DA9C-4220-A59C-8A96CF757135}
	EndGlobalSection
EndGlobal
